
Microsoft Visual Studio Solution File, Format Version 12.00
# Visual Studio Version 17
VisualStudioVersion = 17.14.36616.10
MinimumVisualStudioVersion = 10.0.40219.1
Project("{FAE04EC0-301F-11D3-BF4B-00C04F79EFBC}") = "ConsoleUI", "ConsoleUI\ConsoleUI.csproj", "{32860537-C817-4102-B922-EBF07C168131}"
EndProject
Project("{FAE04EC0-301F-11D3-BF4B-00C04F79EFBC}") = "GameLogic", "GameLogic\GameLogic.csproj", "{2FE3C297-5D8E-480D-B038-5AB2E4CFF022}"
EndProject
Global
	GlobalSection(SolutionConfigurationPlatforms) = preSolution
		Debug|Any CPU = Debug|Any CPU
		Release|Any CPU = Release|Any CPU
	EndGlobalSection
	GlobalSection(ProjectConfigurationPlatforms) = postSolution
		{32860537-C817-4102-B922-EBF07C168131}.Debug|Any CPU.ActiveCfg = Debug|Any CPU
		{32860537-C817-4102-B922-EBF07C168131}.Debug|Any CPU.Build.0 = Debug|Any CPU
		{32860537-C817-4102-B922-EBF07C168131}.Release|Any CPU.ActiveCfg = Release|Any CPU
		{32860537-C817-4102-B922-EBF07C168131}.Release|Any CPU.Build.0 = Release|Any CPU
		{2FE3C297-5D8E-480D-B038-5AB2E4CFF022}.Debug|Any CPU.ActiveCfg = Debug|Any CPU
		{2FE3C297-5D8E-480D-B038-5AB2E4CFF022}.Debug|Any CPU.Build.0 = Debug|Any CPU
		{2FE3C297-5D8E-480D-B038-5AB2E4CFF022}.Release|Any CPU.ActiveCfg = Release|Any CPU
		{2FE3C297-5D8E-480D-B038-5AB2E4CFF022}.Release|Any CPU.Build.0 = Release|Any CPU
	EndGlobalSection
	GlobalSection(SolutionProperties) = preSolution
		HideSolutionNode = FALSE
	EndGlobalSection
	GlobalSection(ExtensibilityGlobals) = postSolution
		SolutionGuid = {31FEB325-1C74-4616-A5B5-2055D29F6D33}
	EndGlobalSection
EndGlobal
